// !$*UTF8*$!
{
	archiveVersion = 1;
	classes = {
	};
	objectVersion = 46;
	objects = {

/* Begin PBXBuildFile section */
		CF982DA318D275CA001A3FCE /* Foundation.framework in Frameworks */ = {isa = PBXBuildFile; fileRef = CF982DA218D275CA001A3FCE /* Foundation.framework */; };
		CF982DA518D275CA001A3FCE /* CoreGraphics.framework in Frameworks */ = {isa = PBXBuildFile; fileRef = CF982DA418D275CA001A3FCE /* CoreGraphics.framework */; };
		CF982DA718D275CA001A3FCE /* UIKit.framework in Frameworks */ = {isa = PBXBuildFile; fileRef = CF982DA618D275CA001A3FCE /* UIKit.framework */; };
		CF982DAD18D275CA001A3FCE /* InfoPlist.strings in Resources */ = {isa = PBXBuildFile; fileRef = CF982DAB18D275CA001A3FCE /* InfoPlist.strings */; };
		CF982DAF18D275CA001A3FCE /* main.m in Sources */ = {isa = PBXBuildFile; fileRef = CF982DAE18D275CA001A3FCE /* main.m */; };
		CF982DB318D275CA001A3FCE /* AAAppDelegate.m in Sources */ = {isa = PBXBuildFile; fileRef = CF982DB218D275CA001A3FCE /* AAAppDelegate.m */; };
		CF982DB618D275CA001A3FCE /* Main.storyboard in Resources */ = {isa = PBXBuildFile; fileRef = CF982DB418D275CA001A3FCE /* Main.storyboard */; };
		CF982DB918D275CA001A3FCE /* AAViewController.m in Sources */ = {isa = PBXBuildFile; fileRef = CF982DB818D275CA001A3FCE /* AAViewController.m */; };
		CF982DBB18D275CA001A3FCE /* Images.xcassets in Resources */ = {isa = PBXBuildFile; fileRef = CF982DBA18D275CA001A3FCE /* Images.xcassets */; };
		CF982DC218D275CA001A3FCE /* XCTest.framework in Frameworks */ = {isa = PBXBuildFile; fileRef = CF982DC118D275CA001A3FCE /* XCTest.framework */; };
		CF982DC318D275CA001A3FCE /* Foundation.framework in Frameworks */ = {isa = PBXBuildFile; fileRef = CF982DA218D275CA001A3FCE /* Foundation.framework */; };
		CF982DC418D275CA001A3FCE /* UIKit.framework in Frameworks */ = {isa = PBXBuildFile; fileRef = CF982DA618D275CA001A3FCE /* UIKit.framework */; };
		CF982DCC18D275CA001A3FCE /* InfoPlist.strings in Resources */ = {isa = PBXBuildFile; fileRef = CF982DCA18D275CA001A3FCE /* InfoPlist.strings */; };
		CF982DCE18D275CA001A3FCE /* MolesAndStuffTests.m in Sources */ = {isa = PBXBuildFile; fileRef = CF982DCD18D275CA001A3FCE /* MolesAndStuffTests.m */; };
		CF982DD918D27645001A3FCE /* AAMole.m in Sources */ = {isa = PBXBuildFile; fileRef = CF982DD818D27645001A3FCE /* AAMole.m */; };
/* End PBXBuildFile section */

/* Begin PBXContainerItemProxy section */
		CF982DC518D275CA001A3FCE /* PBXContainerItemProxy */ = {
			isa = PBXContainerItemProxy;
			containerPortal = CF982D9718D275CA001A3FCE /* Project object */;
			proxyType = 1;
			remoteGlobalIDString = CF982D9E18D275CA001A3FCE;
			remoteInfo = MolesAndStuff;
		};
/* End PBXContainerItemProxy section */

/* Begin PBXFileReference section */
		CF982D9F18D275CA001A3FCE /* MolesAndStuff.app */ = {isa = PBXFileReference; explicitFileType = wrapper.application; includeInIndex = 0; path = MolesAndStuff.app; sourceTree = BUILT_PRODUCTS_DIR; };
		CF982DA218D275CA001A3FCE /* Foundation.framework */ = {isa = PBXFileReference; lastKnownFileType = wrapper.framework; name = Foundation.framework; path = System/Library/Frameworks/Foundation.framework; sourceTree = SDKROOT; };
		CF982DA418D275CA001A3FCE /* CoreGraphics.framework */ = {isa = PBXFileReference; lastKnownFileType = wrapper.framework; name = CoreGraphics.framework; path = System/Library/Frameworks/CoreGraphics.framework; sourceTree = SDKROOT; };
		CF982DA618D275CA001A3FCE /* UIKit.framework */ = {isa = PBXFileReference; lastKnownFileType = wrapper.framework; name = UIKit.framework; path = System/Library/Frameworks/UIKit.framework; sourceTree = SDKROOT; };
		CF982DAA18D275CA001A3FCE /* MolesAndStuff-Info.plist */ = {isa = PBXFileReference; lastKnownFileType = text.plist.xml; path = "MolesAndStuff-Info.plist"; sourceTree = "<group>"; };
		CF982DAC18D275CA001A3FCE /* en */ = {isa = PBXFileReference; lastKnownFileType = text.plist.strings; name = en; path = en.lproj/InfoPlist.strings; sourceTree = "<group>"; };
		CF982DAE18D275CA001A3FCE /* main.m */ = {isa = PBXFileReference; lastKnownFileType = sourcecode.c.objc; path = main.m; sourceTree = "<group>"; };
		CF982DB018D275CA001A3FCE /* MolesAndStuff-Prefix.pch */ = {isa = PBXFileReference; lastKnownFileType = sourcecode.c.h; path = "MolesAndStuff-Prefix.pch"; sourceTree = "<group>"; };
		CF982DB118D275CA001A3FCE /* AAAppDelegate.h */ = {isa = PBXFileReference; lastKnownFileType = sourcecode.c.h; path = AAAppDelegate.h; sourceTree = "<group>"; };
		CF982DB218D275CA001A3FCE /* AAAppDelegate.m */ = {isa = PBXFileReference; lastKnownFileType = sourcecode.c.objc; path = AAAppDelegate.m; sourceTree = "<group>"; };
		CF982DB518D275CA001A3FCE /* Base */ = {isa = PBXFileReference; lastKnownFileType = file.storyboard; name = Base; path = Base.lproj/Main.storyboard; sourceTree = "<group>"; };
		CF982DB718D275CA001A3FCE /* AAViewController.h */ = {isa = PBXFileReference; lastKnownFileType = sourcecode.c.h; path = AAViewController.h; sourceTree = "<group>"; };
		CF982DB818D275CA001A3FCE /* AAViewController.m */ = {isa = PBXFileReference; lastKnownFileType = sourcecode.c.objc; path = AAViewController.m; sourceTree = "<group>"; };
		CF982DBA18D275CA001A3FCE /* Images.xcassets */ = {isa = PBXFileReference; lastKnownFileType = folder.assetcatalog; path = Images.xcassets; sourceTree = "<group>"; };
		CF982DC018D275CA001A3FCE /* MolesAndStuffTests.xctest */ = {isa = PBXFileReference; explicitFileType = wrapper.cfbundle; includeInIndex = 0; path = MolesAndStuffTests.xctest; sourceTree = BUILT_PRODUCTS_DIR; };
		CF982DC118D275CA001A3FCE /* XCTest.framework */ = {isa = PBXFileReference; lastKnownFileType = wrapper.framework; name = XCTest.framework; path = Library/Frameworks/XCTest.framework; sourceTree = DEVELOPER_DIR; };
		CF982DC918D275CA001A3FCE /* MolesAndStuffTests-Info.plist */ = {isa = PBXFileReference; lastKnownFileType = text.plist.xml; path = "MolesAndStuffTests-Info.plist"; sourceTree = "<group>"; };
		CF982DCB18D275CA001A3FCE /* en */ = {isa = PBXFileReference; lastKnownFileType = text.plist.strings; name = en; path = en.lproj/InfoPlist.strings; sourceTree = "<group>"; };
		CF982DCD18D275CA001A3FCE /* MolesAndStuffTests.m */ = {isa = PBXFileReference; lastKnownFileType = sourcecode.c.objc; path = MolesAndStuffTests.m; sourceTree = "<group>"; };
		CF982DD718D27645001A3FCE /* AAMole.h */ = {isa = PBXFileReference; fileEncoding = 4; lastKnownFileType = sourcecode.c.h; path = AAMole.h; sourceTree = "<group>"; };
		CF982DD818D27645001A3FCE /* AAMole.m */ = {isa = PBXFileReference; fileEncoding = 4; lastKnownFileType = sourcecode.c.objc; path = AAMole.m; sourceTree = "<group>"; };
/* End PBXFileReference section */

/* Begin PBXFrameworksBuildPhase section */
		CF982D9C18D275CA001A3FCE /* Frameworks */ = {
			isa = PBXFrameworksBuildPhase;
			buildActionMask = 2147483647;
			files = (
				CF982DA518D275CA001A3FCE /* CoreGraphics.framework in Frameworks */,
				CF982DA718D275CA001A3FCE /* UIKit.framework in Frameworks */,
				CF982DA318D275CA001A3FCE /* Foundation.framework in Frameworks */,
			);
			runOnlyForDeploymentPostprocessing = 0;
		};
		CF982DBD18D275CA001A3FCE /* Frameworks */ = {
			isa = PBXFrameworksBuildPhase;
			buildActionMask = 2147483647;
			files = (
				CF982DC218D275CA001A3FCE /* XCTest.framework in Frameworks */,
				CF982DC418D275CA001A3FCE /* UIKit.framework in Frameworks */,
				CF982DC318D275CA001A3FCE /* Foundation.framework in Frameworks */,
			);
			runOnlyForDeploymentPostprocessing = 0;
		};
/* End PBXFrameworksBuildPhase section */

/* Begin PBXGroup section */
		CF982D9618D275CA001A3FCE = {
			isa = PBXGroup;
			children = (
				CF982DA818D275CA001A3FCE /* MolesAndStuff */,
				CF982DC718D275CA001A3FCE /* MolesAndStuffTests */,
				CF982DA118D275CA001A3FCE /* Frameworks */,
				CF982DA018D275CA001A3FCE /* Products */,
			);
			sourceTree = "<group>";
		};
		CF982DA018D275CA001A3FCE /* Products */ = {
			isa = PBXGroup;
			children = (
				CF982D9F18D275CA001A3FCE /* MolesAndStuff.app */,
				CF982DC018D275CA001A3FCE /* MolesAndStuffTests.xctest */,
			);
			name = Products;
			sourceTree = "<group>";
		};
		CF982DA118D275CA001A3FCE /* Frameworks */ = {
			isa = PBXGroup;
			children = (
				CF982DA218D275CA001A3FCE /* Foundation.framework */,
				CF982DA418D275CA001A3FCE /* CoreGraphics.framework */,
				CF982DA618D275CA001A3FCE /* UIKit.framework */,
				CF982DC118D275CA001A3FCE /* XCTest.framework */,
			);
			name = Frameworks;
			sourceTree = "<group>";
		};
		CF982DA818D275CA001A3FCE /* MolesAndStuff */ = {
			isa = PBXGroup;
			children = (
				CF982DB118D275CA001A3FCE /* AAAppDelegate.h */,
				CF982DB218D275CA001A3FCE /* AAAppDelegate.m */,
				CF982DB418D275CA001A3FCE /* Main.storyboard */,
				CF982DD718D27645001A3FCE /* AAMole.h */,
				CF982DD818D27645001A3FCE /* AAMole.m */,
				CF982DB718D275CA001A3FCE /* AAViewController.h */,
				CF982DB818D275CA001A3FCE /* AAViewController.m */,
				CF982DBA18D275CA001A3FCE /* Images.xcassets */,
				CF982DA918D275CA001A3FCE /* Supporting Files */,
			);
			path = MolesAndStuff;
			sourceTree = "<group>";
		};
		CF982DA918D275CA001A3FCE /* Supporting Files */ = {
			isa = PBXGroup;
			children = (
				CF982DAA18D275CA001A3FCE /* MolesAndStuff-Info.plist */,
				CF982DAB18D275CA001A3FCE /* InfoPlist.strings */,
				CF982DAE18D275CA001A3FCE /* main.m */,
				CF982DB018D275CA001A3FCE /* MolesAndStuff-Prefix.pch */,
			);
			name = "Supporting Files";
			sourceTree = "<group>";
		};
		CF982DC718D275CA001A3FCE /* MolesAndStuffTests */ = {
			isa = PBXGroup;
			children = (
				CF982DCD18D275CA001A3FCE /* MolesAndStuffTests.m */,
				CF982DC818D275CA001A3FCE /* Supporting Files */,
			);
			path = MolesAndStuffTests;
			sourceTree = "<group>";
		};
		CF982DC818D275CA001A3FCE /* Supporting Files */ = {
			isa = PBXGroup;
			children = (
				CF982DC918D275CA001A3FCE /* MolesAndStuffTests-Info.plist */,
				CF982DCA18D275CA001A3FCE /* InfoPlist.strings */,
			);
			name = "Supporting Files";
			sourceTree = "<group>";
		};
/* End PBXGroup section */

/* Begin PBXNativeTarget section */
		CF982D9E18D275CA001A3FCE /* MolesAndStuff */ = {
			isa = PBXNativeTarget;
			buildConfigurationList = CF982DD118D275CA001A3FCE /* Build configuration list for PBXNativeTarget "MolesAndStuff" */;
			buildPhases = (
				CF982D9B18D275CA001A3FCE /* Sources */,
				CF982D9C18D275CA001A3FCE /* Frameworks */,
				CF982D9D18D275CA001A3FCE /* Resources */,
			);
			buildRules = (
			);
			dependencies = (
			);
			name = MolesAndStuff;
			productName = MolesAndStuff;
			productReference = CF982D9F18D275CA001A3FCE /* MolesAndStuff.app */;
			productType = "com.apple.product-type.application";
		};
		CF982DBF18D275CA001A3FCE /* MolesAndStuffTests */ = {
			isa = PBXNativeTarget;
			buildConfigurationList = CF982DD418D275CA001A3FCE /* Build configuration list for PBXNativeTarget "MolesAndStuffTests" */;
			buildPhases = (
				CF982DBC18D275CA001A3FCE /* Sources */,
				CF982DBD18D275CA001A3FCE /* Frameworks */,
				CF982DBE18D275CA001A3FCE /* Resources */,
			);
			buildRules = (
			);
			dependencies = (
				CF982DC618D275CA001A3FCE /* PBXTargetDependency */,
			);
			name = MolesAndStuffTests;
			productName = MolesAndStuffTests;
			productReference = CF982DC018D275CA001A3FCE /* MolesAndStuffTests.xctest */;
			productType = "com.apple.product-type.bundle.unit-test";
		};
/* End PBXNativeTarget section */

/* Begin PBXProject section */
		CF982D9718D275CA001A3FCE /* Project object */ = {
			isa = PBXProject;
			attributes = {
				CLASSPREFIX = AA;
				LastUpgradeCheck = 0510;
				ORGANIZATIONNAME = AgencyAgency;
				TargetAttributes = {
					CF982DBF18D275CA001A3FCE = {
						TestTargetID = CF982D9E18D275CA001A3FCE;
					};
				};
			};
			buildConfigurationList = CF982D9A18D275CA001A3FCE /* Build configuration list for PBXProject "MolesAndStuff" */;
			compatibilityVersion = "Xcode 3.2";
			developmentRegion = English;
			hasScannedForEncodings = 0;
			knownRegions = (
				en,
				Base,
			);
			mainGroup = CF982D9618D275CA001A3FCE;
			productRefGroup = CF982DA018D275CA001A3FCE /* Products */;
			projectDirPath = "";
			projectRoot = "";
			targets = (
				CF982D9E18D275CA001A3FCE /* MolesAndStuff */,
				CF982DBF18D275CA001A3FCE /* MolesAndStuffTests */,
			);
		};
/* End PBXProject section */

/* Begin PBXResourcesBuildPhase section */
		CF982D9D18D275CA001A3FCE /* Resources */ = {
			isa = PBXResourcesBuildPhase;
			buildActionMask = 2147483647;
			files = (
				CF982DBB18D275CA001A3FCE /* Images.xcassets in Resources */,
				CF982DAD18D275CA001A3FCE /* InfoPlist.strings in Resources */,
				CF982DB618D275CA001A3FCE /* Main.storyboard in Resources */,
			);
			runOnlyForDeploymentPostprocessing = 0;
		};
		CF982DBE18D275CA001A3FCE /* Resources */ = {
			isa = PBXResourcesBuildPhase;
			buildActionMask = 2147483647;
			files = (
				CF982DCC18D275CA001A3FCE /* InfoPlist.strings in Resources */,
			);
			runOnlyForDeploymentPostprocessing = 0;
		};
/* End PBXResourcesBuildPhase section */

/* Begin PBXSourcesBuildPhase section */
		CF982D9B18D275CA001A3FCE /* Sources */ = {
			isa = PBXSourcesBuildPhase;
			buildActionMask = 2147483647;
			files = (
				CF982DB318D275CA001A3FCE /* AAAppDelegate.m in Sources */,
				CF982DB918D275CA001A3FCE /* AAViewController.m in Sources */,
				CF982DD918D27645001A3FCE /* AAMole.m in Sources */,
				CF982DAF18D275CA001A3FCE /* main.m in Sources */,
			);
			runOnlyForDeploymentPostprocessing = 0;
		};
		CF982DBC18D275CA001A3FCE /* Sources */ = {
			isa = PBXSourcesBuildPhase;
			buildActionMask = 2147483647;
			files = (
				CF982DCE18D275CA001A3FCE /* MolesAndStuffTests.m in Sources */,
			);
			runOnlyForDeploymentPostprocessing = 0;
		};
/* End PBXSourcesBuildPhase section */

/* Begin PBXTargetDependency section */
		CF982DC618D275CA001A3FCE /* PBXTargetDependency */ = {
			isa = PBXTargetDependency;
			target = CF982D9E18D275CA001A3FCE /* MolesAndStuff */;
			targetProxy = CF982DC518D275CA001A3FCE /* PBXContainerItemProxy */;
		};
/* End PBXTargetDependency section */

/* Begin PBXVariantGroup section */
		CF982DAB18D275CA001A3FCE /* InfoPlist.strings */ = {
			isa = PBXVariantGroup;
			children = (
				CF982DAC18D275CA001A3FCE /* en */,
			);
			name = InfoPlist.strings;
			sourceTree = "<group>";
		};
		CF982DB418D275CA001A3FCE /* Main.storyboard */ = {
			isa = PBXVariantGroup;
			children = (
				CF982DB518D275CA001A3FCE /* Base */,
			);
			name = Main.storyboard;
			sourceTree = "<group>";
		};
		CF982DCA18D275CA001A3FCE /* InfoPlist.strings */ = {
			isa = PBXVariantGroup;
			children = (
				CF982DCB18D275CA001A3FCE /* en */,
			);
			name = InfoPlist.strings;
			sourceTree = "<group>";
		};
/* End PBXVariantGroup section */

/* Begin XCBuildConfiguration section */
		CF982DCF18D275CA001A3FCE /* Debug */ = {
			isa = XCBuildConfiguration;
			buildSettings = {
				ALWAYS_SEARCH_USER_PATHS = NO;
				CLANG_CXX_LANGUAGE_STANDARD = "gnu++0x";
				CLANG_CXX_LIBRARY = "libc++";
				CLANG_ENABLE_MODULES = YES;
				CLANG_ENABLE_OBJC_ARC = YES;
				CLANG_WARN_BOOL_CONVERSION = YES;
				CLANG_WARN_CONSTANT_CONVERSION = YES;
				CLANG_WARN_DIRECT_OBJC_ISA_USAGE = YES_ERROR;
				CLANG_WARN_EMPTY_BODY = YES;
				CLANG_WARN_ENUM_CONVERSION = YES;
				CLANG_WARN_INT_CONVERSION = YES;
				CLANG_WARN_OBJC_ROOT_CLASS = YES_ERROR;
				CLANG_WARN__DUPLICATE_METHOD_MATCH = YES;
				"CODE_SIGN_IDENTITY[sdk=iphoneos*]" = "iPhone Developer";
				COPY_PHASE_STRIP = NO;
				GCC_C_LANGUAGE_STANDARD = gnu99;
				GCC_DYNAMIC_NO_PIC = NO;
				GCC_OPTIMIZATION_LEVEL = 0;
				GCC_PREPROCESSOR_DEFINITIONS = (
					"DEBUG=1",
					"$(inherited)",
				);
				GCC_SYMBOLS_PRIVATE_EXTERN = NO;
				GCC_WARN_64_TO_32_BIT_CONVERSION = YES;
				GCC_WARN_ABOUT_RETURN_TYPE = YES_ERROR;
				GCC_WARN_UNDECLARED_SELECTOR = YES;
				GCC_WARN_UNINITIALIZED_AUTOS = YES_AGGRESSIVE;
				GCC_WARN_UNUSED_FUNCTION = YES;
				GCC_WARN_UNUSED_VARIABLE = YES;
				IPHONEOS_DEPLOYMENT_TARGET = 7.1;
				ONLY_ACTIVE_ARCH = YES;
				SDKROOT = iphoneos;
				TARGETED_DEVICE_FAMILY = 2;
			};
			name = Debug;
		};
		CF982DD018D275CA001A3FCE /* Release */ = {
			isa = XCBuildConfiguration;
			buildSettings = {
				ALWAYS_SEARCH_USER_PATHS = NO;
				CLANG_CXX_LANGUAGE_STANDARD = "gnu++0x";
				CLANG_CXX_LIBRARY = "libc++";
				CLANG_ENABLE_MODULES = YES;
				CLANG_ENABLE_OBJC_ARC = YES;
				CLANG_WARN_BOOL_CONVERSION = YES;
				CLANG_WARN_CONSTANT_CONVERSION = YES;
				CLANG_WARN_DIRECT_OBJC_ISA_USAGE = YES_ERROR;
				CLANG_WARN_EMPTY_BODY = YES;
				CLANG_WARN_ENUM_CONVERSION = YES;
				CLANG_WARN_INT_CONVERSION = YES;
				CLANG_WARN_OBJC_ROOT_CLASS = YES_ERROR;
				CLANG_WARN__DUPLICATE_METHOD_MATCH = YES;
				"CODE_SIGN_IDENTITY[sdk=iphoneos*]" = "iPhone Developer";
				COPY_PHASE_STRIP = YES;
				ENABLE_NS_ASSERTIONS = NO;
				GCC_C_LANGUAGE_STANDARD = gnu99;
				GCC_WARN_64_TO_32_BIT_CONVERSION = YES;
				GCC_WARN_ABOUT_RETURN_TYPE = YES_ERROR;
				GCC_WARN_UNDECLARED_SELECTOR = YES;
				GCC_WARN_UNINITIALIZED_AUTOS = YES_AGGRESSIVE;
				GCC_WARN_UNUSED_FUNCTION = YES;
				GCC_WARN_UNUSED_VARIABLE = YES;
				IPHONEOS_DEPLOYMENT_TARGET = 7.1;
				SDKROOT = iphoneos;
				TARGETED_DEVICE_FAMILY = 2;
				VALIDATE_PRODUCT = YES;
			};
			name = Release;
		};
		CF982DD218D275CA001A3FCE /* Debug */ = {
			isa = XCBuildConfiguration;
			buildSettings = {
				ASSETCATALOG_COMPILER_APPICON_NAME = AppIcon;
				ASSETCATALOG_COMPILER_LAUNCHIMAGE_NAME = LaunchImage;
				GCC_PRECOMPILE_PREFIX_HEADER = YES;
				GCC_PREFIX_HEADER = "MolesAndStuff/MolesAndStuff-Prefix.pch";
				INFOPLIST_FILE = "MolesAndStuff/MolesAndStuff-Info.plist";
				PRODUCT_NAME = "$(TARGET_NAME)";
				WRAPPER_EXTENSION = app;
			};
			name = Debug;
		};
		CF982DD318D275CA001A3FCE /* Release */ = {
			isa = XCBuildConfiguration;
			buildSettings = {
				ASSETCATALOG_COMPILER_APPICON_NAME = AppIcon;
				ASSETCATALOG_COMPILER_LAUNCHIMAGE_NAME = LaunchImage;
				GCC_PRECOMPILE_PREFIX_HEADER = YES;
				GCC_PREFIX_HEADER = "MolesAndStuff/MolesAndStuff-Prefix.pch";
				INFOPLIST_FILE = "MolesAndStuff/MolesAndStuff-Info.plist";
				PRODUCT_NAME = "$(TARGET_NAME)";
				WRAPPER_EXTENSION = app;
			};
			name = Release;
		};
		CF982DD518D275CA001A3FCE /* Debug */ = {
			isa = XCBuildConfiguration;
			buildSettings = {
				BUNDLE_LOADER = "$(BUILT_PRODUCTS_DIR)/MolesAndStuff.app/MolesAndStuff";
				FRAMEWORK_SEARCH_PATHS = (
					"$(SDKROOT)/Developer/Library/Frameworks",
					"$(inherited)",
					"$(DEVELOPER_FRAMEWORKS_DIR)",
				);
				GCC_PRECOMPILE_PREFIX_HEADER = YES;
				GCC_PREFIX_HEADER = "MolesAndStuff/MolesAndStuff-Prefix.pch";
				GCC_PREPROCESSOR_DEFINITIONS = (
					"DEBUG=1",
					"$(inherited)",
				);
				INFOPLIST_FILE = "MolesAndStuffTests/MolesAndStuffTests-Info.plist";
				PRODUCT_NAME = "$(TARGET_NAME)";
				TEST_HOST = "$(BUNDLE_LOADER)";
				WRAPPER_EXTENSION = xctest;
			};
			name = Debug;
		};
		CF982DD618D275CA001A3FCE /* Release */ = {
			isa = XCBuildConfiguration;
			buildSettings = {
				BUNDLE_LOADER = "$(BUILT_PRODUCTS_DIR)/MolesAndStuff.app/MolesAndStuff";
				FRAMEWORK_SEARCH_PATHS = (
					"$(SDKROOT)/Developer/Library/Frameworks",
					"$(inherited)",
					"$(DEVELOPER_FRAMEWORKS_DIR)",
				);
				GCC_PRECOMPILE_PREFIX_HEADER = YES;
				GCC_PREFIX_HEADER = "MolesAndStuff/MolesAndStuff-Prefix.pch";
				INFOPLIST_FILE = "MolesAndStuffTests/MolesAndStuffTests-Info.plist";
				PRODUCT_NAME = "$(TARGET_NAME)";
				TEST_HOST = "$(BUNDLE_LOADER)";
				WRAPPER_EXTENSION = xctest;
			};
			name = Release;
		};
/* End XCBuildConfiguration section */

/* Begin XCConfigurationList section */
		CF982D9A18D275CA001A3FCE /* Build configuration list for PBXProject "MolesAndStuff" */ = {
			isa = XCConfigurationList;
			buildConfigurations = (
				CF982DCF18D275CA001A3FCE /* Debug */,
				CF982DD018D275CA001A3FCE /* Release */,
			);
			defaultConfigurationIsVisible = 0;
			defaultConfigurationName = Release;
		};
		CF982DD118D275CA001A3FCE /* Build configuration list for PBXNativeTarget "MolesAndStuff" */ = {
			isa = XCConfigurationList;
			buildConfigurations = (
				CF982DD218D275CA001A3FCE /* Debug */,
				CF982DD318D275CA001A3FCE /* Release */,
			);
			defaultConfigurationIsVisible = 0;
		};
		CF982DD418D275CA001A3FCE /* Build configuration list for PBXNativeTarget "MolesAndStuffTests" */ = {
			isa = XCConfigurationList;
			buildConfigurations = (
				CF982DD518D275CA001A3FCE /* Debug */,
				CF982DD618D275CA001A3FCE /* Release */,
			);
			defaultConfigurationIsVisible = 0;
		};
/* End XCConfigurationList section */
	};
	rootObject = CF982D9718D275CA001A3FCE /* Project object */;
}
